
Microsoft Visual Studio Solution File, Format Version 12.00
# Visual Studio Version 17
VisualStudioVersion = 17.7.34221.43
MinimumVisualStudioVersion = 10.0.40219.1
Project("{FAE04EC0-301F-11D3-BF4B-00C04F79EFBC}") = "PrivateEndpointsFunction", "PrivateEndpointsFunction\PrivateEndpointsFunction.csproj", "{48007A9E-CD88-4870-A79B-0A831DFBC566}"
EndProject
Global
	GlobalSection(SolutionConfigurationPlatforms) = preSolution
		Debug|Any CPU = Debug|Any CPU
		Release|Any CPU = Release|Any CPU
	EndGlobalSection
	GlobalSection(ProjectConfigurationPlatforms) = postSolution
		{48007A9E-CD88-4870-A79B-0A831DFBC566}.Debug|Any CPU.ActiveCfg = Debug|Any CPU
		{48007A9E-CD88-4870-A79B-0A831DFBC566}.Debug|Any CPU.Build.0 = Debug|Any CPU
		{48007A9E-CD88-4870-A79B-0A831DFBC566}.Release|Any CPU.ActiveCfg = Release|Any CPU
		{48007A9E-CD88-4870-A79B-0A831DFBC566}.Release|Any CPU.Build.0 = Release|Any CPU
	EndGlobalSection
	GlobalSection(SolutionProperties) = preSolution
		HideSolutionNode = FALSE
	EndGlobalSection
	GlobalSection(ExtensibilityGlobals) = postSolution
		SolutionGuid = {B97E7A8E-3EAC-492A-B9BE-777613B74C32}
	EndGlobalSection
EndGlobal
